// !$*UTF8*$!
{
	archiveVersion = 1;
	classes = {
	};
	objectVersion = 46;
	objects = {

/* Begin PBXBuildFile section */
		1FCD12AF747F74B6CE31B8C2 /* Pods_PolitikappUITests.framework in Frameworks */ = {isa = PBXBuildFile; fileRef = 7F7E29DE67480056A57A886A /* Pods_PolitikappUITests.framework */; };
		4D30C5F47A8C22474194EE77 /* Pods_PolitikappTests.framework in Frameworks */ = {isa = PBXBuildFile; fileRef = 64082D237C1B9488CB5AC6CF /* Pods_PolitikappTests.framework */; };
		83005D1B1E8005C8008BF4C4 /* RegistrierungVC.swift in Sources */ = {isa = PBXBuildFile; fileRef = 83005D1A1E8005C8008BF4C4 /* RegistrierungVC.swift */; };
		83005D1D1E800630008BF4C4 /* PasswortVC.swift in Sources */ = {isa = PBXBuildFile; fileRef = 83005D1C1E800630008BF4C4 /* PasswortVC.swift */; };
		83005D1F1E800AD6008BF4C4 /* GoogleService-Info.plist in Resources */ = {isa = PBXBuildFile; fileRef = 83005D1E1E800AD6008BF4C4 /* GoogleService-Info.plist */; };
		83005D231E802DB7008BF4C4 /* SWRevealViewController.m in Sources */ = {isa = PBXBuildFile; fileRef = 83005D221E802DB7008BF4C4 /* SWRevealViewController.m */; };
		83005D271E802FF7008BF4C4 /* HomeVC.swift in Sources */ = {isa = PBXBuildFile; fileRef = 83005D261E802FF7008BF4C4 /* HomeVC.swift */; };
		8320ED5E1E82C52F00B4702E /* FrontTVC.swift in Sources */ = {isa = PBXBuildFile; fileRef = 8320ED5D1E82C52F00B4702E /* FrontTVC.swift */; };
		8320ED601E82CC4200B4702E /* StatisticsTVC.swift in Sources */ = {isa = PBXBuildFile; fileRef = 8320ED5F1E82CC4100B4702E /* StatisticsTVC.swift */; };
		83BF9EAD1E81480700346D5A /* BackTableVC.swift in Sources */ = {isa = PBXBuildFile; fileRef = 83BF9EAC1E81480700346D5A /* BackTableVC.swift */; };
		83BF9EAF1E81528800346D5A /* ProfilVC.swift in Sources */ = {isa = PBXBuildFile; fileRef = 83BF9EAE1E81528800346D5A /* ProfilVC.swift */; };
		83BF9EB21E81588A00346D5A /* NewQuestionVC.swift in Sources */ = {isa = PBXBuildFile; fileRef = 83BF9EB11E81588A00346D5A /* NewQuestionVC.swift */; };
		83CDE5B61E7FECE0008F3EED /* AppDelegate.swift in Sources */ = {isa = PBXBuildFile; fileRef = 83CDE5B51E7FECE0008F3EED /* AppDelegate.swift */; };
		83CDE5B81E7FECE0008F3EED /* LoginVC.swift in Sources */ = {isa = PBXBuildFile; fileRef = 83CDE5B71E7FECE0008F3EED /* LoginVC.swift */; };
		83CDE5BB1E7FECE0008F3EED /* Main.storyboard in Resources */ = {isa = PBXBuildFile; fileRef = 83CDE5B91E7FECE0008F3EED /* Main.storyboard */; };
		83CDE5BE1E7FECE0008F3EED /* Politikapp.xcdatamodeld in Sources */ = {isa = PBXBuildFile; fileRef = 83CDE5BC1E7FECE0008F3EED /* Politikapp.xcdatamodeld */; };
		83CDE5C01E7FECE0008F3EED /* Assets.xcassets in Resources */ = {isa = PBXBuildFile; fileRef = 83CDE5BF1E7FECE0008F3EED /* Assets.xcassets */; };
		83CDE5C31E7FECE0008F3EED /* LaunchScreen.storyboard in Resources */ = {isa = PBXBuildFile; fileRef = 83CDE5C11E7FECE0008F3EED /* LaunchScreen.storyboard */; };
		83CDE5CE1E7FECE0008F3EED /* PolitikappTests.swift in Sources */ = {isa = PBXBuildFile; fileRef = 83CDE5CD1E7FECE0008F3EED /* PolitikappTests.swift */; };
		83CDE5D91E7FECE0008F3EED /* PolitikappUITests.swift in Sources */ = {isa = PBXBuildFile; fileRef = 83CDE5D81E7FECE0008F3EED /* PolitikappUITests.swift */; };
		B1C3BD2F690D894B0DF31B1B /* Pods_Politikapp.framework in Frameworks */ = {isa = PBXBuildFile; fileRef = B7E5CCABC9E176DD86B65B64 /* Pods_Politikapp.framework */; };
/* End PBXBuildFile section */

/* Begin PBXContainerItemProxy section */
		83CDE5CA1E7FECE0008F3EED /* PBXContainerItemProxy */ = {
			isa = PBXContainerItemProxy;
			containerPortal = 83CDE5AA1E7FECE0008F3EED /* Project object */;
			proxyType = 1;
			remoteGlobalIDString = 83CDE5B11E7FECE0008F3EED;
			remoteInfo = Politikapp;
		};
		83CDE5D51E7FECE0008F3EED /* PBXContainerItemProxy */ = {
			isa = PBXContainerItemProxy;
			containerPortal = 83CDE5AA1E7FECE0008F3EED /* Project object */;
			proxyType = 1;
			remoteGlobalIDString = 83CDE5B11E7FECE0008F3EED;
			remoteInfo = Politikapp;
		};
/* End PBXContainerItemProxy section */

/* Begin PBXFileReference section */
		2CDFDB1508620C78947DCD28 /* Pods-PolitikappTests.release.xcconfig */ = {isa = PBXFileReference; includeInIndex = 1; lastKnownFileType = text.xcconfig; name = "Pods-PolitikappTests.release.xcconfig"; path = "Pods/Target Support Files/Pods-PolitikappTests/Pods-PolitikappTests.release.xcconfig"; sourceTree = "<group>"; };
		35C3ABF81CEF59CAC31FC40C /* Pods-PolitikappTests.debug.xcconfig */ = {isa = PBXFileReference; includeInIndex = 1; lastKnownFileType = text.xcconfig; name = "Pods-PolitikappTests.debug.xcconfig"; path = "Pods/Target Support Files/Pods-PolitikappTests/Pods-PolitikappTests.debug.xcconfig"; sourceTree = "<group>"; };
		64082D237C1B9488CB5AC6CF /* Pods_PolitikappTests.framework */ = {isa = PBXFileReference; explicitFileType = wrapper.framework; includeInIndex = 0; path = Pods_PolitikappTests.framework; sourceTree = BUILT_PRODUCTS_DIR; };
		77529FB5CB6994E6851D7277 /* Pods-Politikapp.release.xcconfig */ = {isa = PBXFileReference; includeInIndex = 1; lastKnownFileType = text.xcconfig; name = "Pods-Politikapp.release.xcconfig"; path = "Pods/Target Support Files/Pods-Politikapp/Pods-Politikapp.release.xcconfig"; sourceTree = "<group>"; };
		7F7E29DE67480056A57A886A /* Pods_PolitikappUITests.framework */ = {isa = PBXFileReference; explicitFileType = wrapper.framework; includeInIndex = 0; path = Pods_PolitikappUITests.framework; sourceTree = BUILT_PRODUCTS_DIR; };
		83005D1A1E8005C8008BF4C4 /* RegistrierungVC.swift */ = {isa = PBXFileReference; fileEncoding = 4; lastKnownFileType = sourcecode.swift; path = RegistrierungVC.swift; sourceTree = "<group>"; };
		83005D1C1E800630008BF4C4 /* PasswortVC.swift */ = {isa = PBXFileReference; fileEncoding = 4; lastKnownFileType = sourcecode.swift; path = PasswortVC.swift; sourceTree = "<group>"; };
		83005D1E1E800AD6008BF4C4 /* GoogleService-Info.plist */ = {isa = PBXFileReference; fileEncoding = 4; lastKnownFileType = text.plist.xml; path = "GoogleService-Info.plist"; sourceTree = SOURCE_ROOT; };
		83005D201E802DB6008BF4C4 /* Politikapp-Bridging-Header.h */ = {isa = PBXFileReference; lastKnownFileType = sourcecode.c.h; path = "Politikapp-Bridging-Header.h"; sourceTree = "<group>"; };
		83005D211E802DB7008BF4C4 /* SWRevealViewController.h */ = {isa = PBXFileReference; fileEncoding = 4; lastKnownFileType = sourcecode.c.h; path = SWRevealViewController.h; sourceTree = "<group>"; };
		83005D221E802DB7008BF4C4 /* SWRevealViewController.m */ = {isa = PBXFileReference; fileEncoding = 4; lastKnownFileType = sourcecode.c.objc; path = SWRevealViewController.m; sourceTree = "<group>"; };
		83005D261E802FF7008BF4C4 /* HomeVC.swift */ = {isa = PBXFileReference; fileEncoding = 4; lastKnownFileType = sourcecode.swift; path = HomeVC.swift; sourceTree = "<group>"; };
		8320ED5D1E82C52F00B4702E /* FrontTVC.swift */ = {isa = PBXFileReference; fileEncoding = 4; lastKnownFileType = sourcecode.swift; path = FrontTVC.swift; sourceTree = "<group>"; };
		8320ED5F1E82CC4100B4702E /* StatisticsTVC.swift */ = {isa = PBXFileReference; fileEncoding = 4; lastKnownFileType = sourcecode.swift; path = StatisticsTVC.swift; sourceTree = "<group>"; };
		83BF9EAC1E81480700346D5A /* BackTableVC.swift */ = {isa = PBXFileReference; fileEncoding = 4; lastKnownFileType = sourcecode.swift; path = BackTableVC.swift; sourceTree = "<group>"; };
		83BF9EAE1E81528800346D5A /* ProfilVC.swift */ = {isa = PBXFileReference; fileEncoding = 4; lastKnownFileType = sourcecode.swift; path = ProfilVC.swift; sourceTree = "<group>"; };
		83BF9EB11E81588A00346D5A /* NewQuestionVC.swift */ = {isa = PBXFileReference; fileEncoding = 4; lastKnownFileType = sourcecode.swift; path = NewQuestionVC.swift; sourceTree = "<group>"; };
		83CDE5B21E7FECE0008F3EED /* Politikapp.app */ = {isa = PBXFileReference; explicitFileType = wrapper.application; includeInIndex = 0; path = Politikapp.app; sourceTree = BUILT_PRODUCTS_DIR; };
		83CDE5B51E7FECE0008F3EED /* AppDelegate.swift */ = {isa = PBXFileReference; lastKnownFileType = sourcecode.swift; path = AppDelegate.swift; sourceTree = "<group>"; };
		83CDE5B71E7FECE0008F3EED /* LoginVC.swift */ = {isa = PBXFileReference; lastKnownFileType = sourcecode.swift; path = LoginVC.swift; sourceTree = "<group>"; };
		83CDE5BA1E7FECE0008F3EED /* Base */ = {isa = PBXFileReference; lastKnownFileType = file.storyboard; name = Base; path = Base.lproj/Main.storyboard; sourceTree = "<group>"; };
		83CDE5BD1E7FECE0008F3EED /* Politikapp.xcdatamodel */ = {isa = PBXFileReference; lastKnownFileType = wrapper.xcdatamodel; path = Politikapp.xcdatamodel; sourceTree = "<group>"; };
		83CDE5BF1E7FECE0008F3EED /* Assets.xcassets */ = {isa = PBXFileReference; lastKnownFileType = folder.assetcatalog; path = Assets.xcassets; sourceTree = "<group>"; };
		83CDE5C21E7FECE0008F3EED /* Base */ = {isa = PBXFileReference; lastKnownFileType = file.storyboard; name = Base; path = Base.lproj/LaunchScreen.storyboard; sourceTree = "<group>"; };
		83CDE5C41E7FECE0008F3EED /* Info.plist */ = {isa = PBXFileReference; lastKnownFileType = text.plist.xml; path = Info.plist; sourceTree = "<group>"; };
		83CDE5C91E7FECE0008F3EED /* PolitikappTests.xctest */ = {isa = PBXFileReference; explicitFileType = wrapper.cfbundle; includeInIndex = 0; path = PolitikappTests.xctest; sourceTree = BUILT_PRODUCTS_DIR; };
		83CDE5CD1E7FECE0008F3EED /* PolitikappTests.swift */ = {isa = PBXFileReference; lastKnownFileType = sourcecode.swift; path = PolitikappTests.swift; sourceTree = "<group>"; };
		83CDE5CF1E7FECE0008F3EED /* Info.plist */ = {isa = PBXFileReference; lastKnownFileType = text.plist.xml; path = Info.plist; sourceTree = "<group>"; };
		83CDE5D41E7FECE0008F3EED /* PolitikappUITests.xctest */ = {isa = PBXFileReference; explicitFileType = wrapper.cfbundle; includeInIndex = 0; path = PolitikappUITests.xctest; sourceTree = BUILT_PRODUCTS_DIR; };
		83CDE5D81E7FECE0008F3EED /* PolitikappUITests.swift */ = {isa = PBXFileReference; lastKnownFileType = sourcecode.swift; path = PolitikappUITests.swift; sourceTree = "<group>"; };
		83CDE5DA1E7FECE0008F3EED /* Info.plist */ = {isa = PBXFileReference; lastKnownFileType = text.plist.xml; path = Info.plist; sourceTree = "<group>"; };
		B7E5CCABC9E176DD86B65B64 /* Pods_Politikapp.framework */ = {isa = PBXFileReference; explicitFileType = wrapper.framework; includeInIndex = 0; path = Pods_Politikapp.framework; sourceTree = BUILT_PRODUCTS_DIR; };
		C96D00F421418CC559E0DBDB /* Pods-PolitikappUITests.debug.xcconfig */ = {isa = PBXFileReference; includeInIndex = 1; lastKnownFileType = text.xcconfig; name = "Pods-PolitikappUITests.debug.xcconfig"; path = "Pods/Target Support Files/Pods-PolitikappUITests/Pods-PolitikappUITests.debug.xcconfig"; sourceTree = "<group>"; };
		F5FFE38C2E147563A78F602A /* Pods-PolitikappUITests.release.xcconfig */ = {isa = PBXFileReference; includeInIndex = 1; lastKnownFileType = text.xcconfig; name = "Pods-PolitikappUITests.release.xcconfig"; path = "Pods/Target Support Files/Pods-PolitikappUITests/Pods-PolitikappUITests.release.xcconfig"; sourceTree = "<group>"; };
		FCDDF25FBAF069F80B06C693 /* Pods-Politikapp.debug.xcconfig */ = {isa = PBXFileReference; includeInIndex = 1; lastKnownFileType = text.xcconfig; name = "Pods-Politikapp.debug.xcconfig"; path = "Pods/Target Support Files/Pods-Politikapp/Pods-Politikapp.debug.xcconfig"; sourceTree = "<group>"; };
/* End PBXFileReference section */

/* Begin PBXFrameworksBuildPhase section */
		83CDE5AF1E7FECE0008F3EED /* Frameworks */ = {
			isa = PBXFrameworksBuildPhase;
			buildActionMask = 2147483647;
			files = (
				B1C3BD2F690D894B0DF31B1B /* Pods_Politikapp.framework in Frameworks */,
			);
			runOnlyForDeploymentPostprocessing = 0;
		};
		83CDE5C61E7FECE0008F3EED /* Frameworks */ = {
			isa = PBXFrameworksBuildPhase;
			buildActionMask = 2147483647;
			files = (
				4D30C5F47A8C22474194EE77 /* Pods_PolitikappTests.framework in Frameworks */,
			);
			runOnlyForDeploymentPostprocessing = 0;
		};
		83CDE5D11E7FECE0008F3EED /* Frameworks */ = {
			isa = PBXFrameworksBuildPhase;
			buildActionMask = 2147483647;
			files = (
				1FCD12AF747F74B6CE31B8C2 /* Pods_PolitikappUITests.framework in Frameworks */,
			);
			runOnlyForDeploymentPostprocessing = 0;
		};
/* End PBXFrameworksBuildPhase section */

/* Begin PBXGroup section */
		0C1D41CB392DDDFAADCC011A /* Pods */ = {
			isa = PBXGroup;
			children = (
				FCDDF25FBAF069F80B06C693 /* Pods-Politikapp.debug.xcconfig */,
				77529FB5CB6994E6851D7277 /* Pods-Politikapp.release.xcconfig */,
				35C3ABF81CEF59CAC31FC40C /* Pods-PolitikappTests.debug.xcconfig */,
				2CDFDB1508620C78947DCD28 /* Pods-PolitikappTests.release.xcconfig */,
				C96D00F421418CC559E0DBDB /* Pods-PolitikappUITests.debug.xcconfig */,
				F5FFE38C2E147563A78F602A /* Pods-PolitikappUITests.release.xcconfig */,
			);
			name = Pods;
			sourceTree = "<group>";
		};
		83005D241E802EE5008BF4C4 /* Login ViewController */ = {
			isa = PBXGroup;
			children = (
				83CDE5B71E7FECE0008F3EED /* LoginVC.swift */,
				83005D1C1E800630008BF4C4 /* PasswortVC.swift */,
				83005D1A1E8005C8008BF4C4 /* RegistrierungVC.swift */,
			);
			name = "Login ViewController";
			sourceTree = "<group>";
		};
		83005D251E802F10008BF4C4 /* Supporting Files */ = {
			isa = PBXGroup;
			children = (
				83CDE5C41E7FECE0008F3EED /* Info.plist */,
				83005D1E1E800AD6008BF4C4 /* GoogleService-Info.plist */,
				83BF9EAC1E81480700346D5A /* BackTableVC.swift */,
				83005D211E802DB7008BF4C4 /* SWRevealViewController.h */,
				83005D221E802DB7008BF4C4 /* SWRevealViewController.m */,
				83005D201E802DB6008BF4C4 /* Politikapp-Bridging-Header.h */,
			);
			name = "Supporting Files";
			sourceTree = "<group>";
		};
		83BF9EB01E8152D400346D5A /* Menu ViewController */ = {
			isa = PBXGroup;
			children = (
				83005D261E802FF7008BF4C4 /* HomeVC.swift */,
				83BF9EAE1E81528800346D5A /* ProfilVC.swift */,
				83BF9EB11E81588A00346D5A /* NewQuestionVC.swift */,
			);
			name = "Menu ViewController";
			sourceTree = "<group>";
		};
		83CDE5A91E7FECE0008F3EED = {
			isa = PBXGroup;
			children = (
				83CDE5B41E7FECE0008F3EED /* Politikapp */,
				83CDE5CC1E7FECE0008F3EED /* PolitikappTests */,
				83CDE5D71E7FECE0008F3EED /* PolitikappUITests */,
				83CDE5B31E7FECE0008F3EED /* Products */,
				0C1D41CB392DDDFAADCC011A /* Pods */,
				873F7201A758118D304A9ACB /* Frameworks */,
			);
			sourceTree = "<group>";
		};
		83CDE5B31E7FECE0008F3EED /* Products */ = {
			isa = PBXGroup;
			children = (
				83CDE5B21E7FECE0008F3EED /* Politikapp.app */,
				83CDE5C91E7FECE0008F3EED /* PolitikappTests.xctest */,
				83CDE5D41E7FECE0008F3EED /* PolitikappUITests.xctest */,
			);
			name = Products;
			sourceTree = "<group>";
		};
		83CDE5B41E7FECE0008F3EED /* Politikapp */ = {
			isa = PBXGroup;
			children = (
				83CDE5B51E7FECE0008F3EED /* AppDelegate.swift */,
				83CDE5B91E7FECE0008F3EED /* Main.storyboard */,
				8320ED5D1E82C52F00B4702E /* FrontTVC.swift */,
				8320ED5F1E82CC4100B4702E /* StatisticsTVC.swift */,
				83BF9EB01E8152D400346D5A /* Menu ViewController */,
				83005D241E802EE5008BF4C4 /* Login ViewController */,
				83CDE5BF1E7FECE0008F3EED /* Assets.xcassets */,
				83CDE5C11E7FECE0008F3EED /* LaunchScreen.storyboard */,
				83005D251E802F10008BF4C4 /* Supporting Files */,
				83CDE5BC1E7FECE0008F3EED /* Politikapp.xcdatamodeld */,
			);
			path = Politikapp;
			sourceTree = "<group>";
		};
		83CDE5CC1E7FECE0008F3EED /* PolitikappTests */ = {
			isa = PBXGroup;
			children = (
				83CDE5CD1E7FECE0008F3EED /* PolitikappTests.swift */,
				83CDE5CF1E7FECE0008F3EED /* Info.plist */,
			);
			path = PolitikappTests;
			sourceTree = "<group>";
		};
		83CDE5D71E7FECE0008F3EED /* PolitikappUITests */ = {
			isa = PBXGroup;
			children = (
				83CDE5D81E7FECE0008F3EED /* PolitikappUITests.swift */,
				83CDE5DA1E7FECE0008F3EED /* Info.plist */,
			);
			path = PolitikappUITests;
			sourceTree = "<group>";
		};
		873F7201A758118D304A9ACB /* Frameworks */ = {
			isa = PBXGroup;
			children = (
				B7E5CCABC9E176DD86B65B64 /* Pods_Politikapp.framework */,
				64082D237C1B9488CB5AC6CF /* Pods_PolitikappTests.framework */,
				7F7E29DE67480056A57A886A /* Pods_PolitikappUITests.framework */,
			);
			name = Frameworks;
			sourceTree = "<group>";
		};
/* End PBXGroup section */

/* Begin PBXNativeTarget section */
		83CDE5B11E7FECE0008F3EED /* Politikapp */ = {
			isa = PBXNativeTarget;
			buildConfigurationList = 83CDE5DD1E7FECE0008F3EED /* Build configuration list for PBXNativeTarget "Politikapp" */;
			buildPhases = (
				9D100911DD38B9F3E78A733A /* [CP] Check Pods Manifest.lock */,
				83CDE5AE1E7FECE0008F3EED /* Sources */,
				83CDE5AF1E7FECE0008F3EED /* Frameworks */,
				83CDE5B01E7FECE0008F3EED /* Resources */,
				6C36289C84AF8C90206146E3 /* [CP] Embed Pods Frameworks */,
				CA4EA536375797E672BE68F5 /* [CP] Copy Pods Resources */,
			);
			buildRules = (
			);
			dependencies = (
			);
			name = Politikapp;
			productName = Politikapp;
			productReference = 83CDE5B21E7FECE0008F3EED /* Politikapp.app */;
			productType = "com.apple.product-type.application";
		};
		83CDE5C81E7FECE0008F3EED /* PolitikappTests */ = {
			isa = PBXNativeTarget;
			buildConfigurationList = 83CDE5E01E7FECE0008F3EED /* Build configuration list for PBXNativeTarget "PolitikappTests" */;
			buildPhases = (
				53CDB7B809498DDE93B03E48 /* [CP] Check Pods Manifest.lock */,
				83CDE5C51E7FECE0008F3EED /* Sources */,
				83CDE5C61E7FECE0008F3EED /* Frameworks */,
				83CDE5C71E7FECE0008F3EED /* Resources */,
				0C0A27F59A71FDA31B72F628 /* [CP] Embed Pods Frameworks */,
				C4C6F7C4CBAE9842624D7BC0 /* [CP] Copy Pods Resources */,
			);
			buildRules = (
			);
			dependencies = (
				83CDE5CB1E7FECE0008F3EED /* PBXTargetDependency */,
			);
			name = PolitikappTests;
			productName = PolitikappTests;
			productReference = 83CDE5C91E7FECE0008F3EED /* PolitikappTests.xctest */;
			productType = "com.apple.product-type.bundle.unit-test";
		};
		83CDE5D31E7FECE0008F3EED /* PolitikappUITests */ = {
			isa = PBXNativeTarget;
			buildConfigurationList = 83CDE5E31E7FECE0008F3EED /* Build configuration list for PBXNativeTarget "PolitikappUITests" */;
			buildPhases = (
				2A0A410A5D71A181FABC222A /* [CP] Check Pods Manifest.lock */,
				83CDE5D01E7FECE0008F3EED /* Sources */,
				83CDE5D11E7FECE0008F3EED /* Frameworks */,
				83CDE5D21E7FECE0008F3EED /* Resources */,
				CE586D23C8633AE188124EC1 /* [CP] Embed Pods Frameworks */,
				BF1F1F3E8F38F8D7A620709C /* [CP] Copy Pods Resources */,
			);
			buildRules = (
			);
			dependencies = (
				83CDE5D61E7FECE0008F3EED /* PBXTargetDependency */,
			);
			name = PolitikappUITests;
			productName = PolitikappUITests;
			productReference = 83CDE5D41E7FECE0008F3EED /* PolitikappUITests.xctest */;
			productType = "com.apple.product-type.bundle.ui-testing";
		};
/* End PBXNativeTarget section */

/* Begin PBXProject section */
		83CDE5AA1E7FECE0008F3EED /* Project object */ = {
			isa = PBXProject;
			attributes = {
				LastSwiftUpdateCheck = 0820;
				LastUpgradeCheck = 0820;
				ORGANIZATIONNAME = "Christoph Blattgerste";
				TargetAttributes = {
					83CDE5B11E7FECE0008F3EED = {
						CreatedOnToolsVersion = 8.2.1;
						LastSwiftMigration = 0820;
						ProvisioningStyle = Automatic;
					};
					83CDE5C81E7FECE0008F3EED = {
						CreatedOnToolsVersion = 8.2.1;
						ProvisioningStyle = Automatic;
						TestTargetID = 83CDE5B11E7FECE0008F3EED;
					};
					83CDE5D31E7FECE0008F3EED = {
						CreatedOnToolsVersion = 8.2.1;
						ProvisioningStyle = Automatic;
						TestTargetID = 83CDE5B11E7FECE0008F3EED;
					};
				};
			};
			buildConfigurationList = 83CDE5AD1E7FECE0008F3EED /* Build configuration list for PBXProject "Politikapp" */;
			compatibilityVersion = "Xcode 3.2";
			developmentRegion = English;
			hasScannedForEncodings = 0;
			knownRegions = (
				en,
				Base,
			);
			mainGroup = 83CDE5A91E7FECE0008F3EED;
			productRefGroup = 83CDE5B31E7FECE0008F3EED /* Products */;
			projectDirPath = "";
			projectRoot = "";
			targets = (
				83CDE5B11E7FECE0008F3EED /* Politikapp */,
				83CDE5C81E7FECE0008F3EED /* PolitikappTests */,
				83CDE5D31E7FECE0008F3EED /* PolitikappUITests */,
			);
		};
/* End PBXProject section */

/* Begin PBXResourcesBuildPhase section */
		83CDE5B01E7FECE0008F3EED /* Resources */ = {
			isa = PBXResourcesBuildPhase;
			buildActionMask = 2147483647;
			files = (
				83CDE5C31E7FECE0008F3EED /* LaunchScreen.storyboard in Resources */,
				83005D1F1E800AD6008BF4C4 /* GoogleService-Info.plist in Resources */,
				83CDE5C01E7FECE0008F3EED /* Assets.xcassets in Resources */,
				83CDE5BB1E7FECE0008F3EED /* Main.storyboard in Resources */,
			);
			runOnlyForDeploymentPostprocessing = 0;
		};
		83CDE5C71E7FECE0008F3EED /* Resources */ = {
			isa = PBXResourcesBuildPhase;
			buildActionMask = 2147483647;
			files = (
			);
			runOnlyForDeploymentPostprocessing = 0;
		};
		83CDE5D21E7FECE0008F3EED /* Resources */ = {
			isa = PBXResourcesBuildPhase;
			buildActionMask = 2147483647;
			files = (
			);
			runOnlyForDeploymentPostprocessing = 0;
		};
/* End PBXResourcesBuildPhase section */

/* Begin PBXShellScriptBuildPhase section */
		0C0A27F59A71FDA31B72F628 /* [CP] Embed Pods Frameworks */ = {
			isa = PBXShellScriptBuildPhase;
			buildActionMask = 2147483647;
			files = (
			);
			inputPaths = (
			);
			name = "[CP] Embed Pods Frameworks";
			outputPaths = (
			);
			runOnlyForDeploymentPostprocessing = 0;
			shellPath = /bin/sh;
			shellScript = "\"${SRCROOT}/Pods/Target Support Files/Pods-PolitikappTests/Pods-PolitikappTests-frameworks.sh\"\n";
			showEnvVarsInLog = 0;
		};
		2A0A410A5D71A181FABC222A /* [CP] Check Pods Manifest.lock */ = {
			isa = PBXShellScriptBuildPhase;
			buildActionMask = 2147483647;
			files = (
			);
			inputPaths = (
			);
			name = "[CP] Check Pods Manifest.lock";
			outputPaths = (
			);
			runOnlyForDeploymentPostprocessing = 0;
			shellPath = /bin/sh;
			shellScript = "diff \"${PODS_ROOT}/../Podfile.lock\" \"${PODS_ROOT}/Manifest.lock\" > /dev/null\nif [ $? != 0 ] ; then\n    # print error to STDERR\n    echo \"error: The sandbox is not in sync with the Podfile.lock. Run 'pod install' or update your CocoaPods installation.\" >&2\n    exit 1\nfi\n";
			showEnvVarsInLog = 0;
		};
		53CDB7B809498DDE93B03E48 /* [CP] Check Pods Manifest.lock */ = {
			isa = PBXShellScriptBuildPhase;
			buildActionMask = 2147483647;
			files = (
			);
			inputPaths = (
			);
			name = "[CP] Check Pods Manifest.lock";
			outputPaths = (
			);
			runOnlyForDeploymentPostprocessing = 0;
			shellPath = /bin/sh;
			shellScript = "diff \"${PODS_ROOT}/../Podfile.lock\" \"${PODS_ROOT}/Manifest.lock\" > /dev/null\nif [ $? != 0 ] ; then\n    # print error to STDERR\n    echo \"error: The sandbox is not in sync with the Podfile.lock. Run 'pod install' or update your CocoaPods installation.\" >&2\n    exit 1\nfi\n";
			showEnvVarsInLog = 0;
		};
		6C36289C84AF8C90206146E3 /* [CP] Embed Pods Frameworks */ = {
			isa = PBXShellScriptBuildPhase;
			buildActionMask = 2147483647;
			files = (
			);
			inputPaths = (
			);
			name = "[CP] Embed Pods Frameworks";
			outputPaths = (
			);
			runOnlyForDeploymentPostprocessing = 0;
			shellPath = /bin/sh;
			shellScript = "\"${SRCROOT}/Pods/Target Support Files/Pods-Politikapp/Pods-Politikapp-frameworks.sh\"\n";
			showEnvVarsInLog = 0;
		};
		9D100911DD38B9F3E78A733A /* [CP] Check Pods Manifest.lock */ = {
			isa = PBXShellScriptBuildPhase;
			buildActionMask = 2147483647;
			files = (
			);
			inputPaths = (
			);
			name = "[CP] Check Pods Manifest.lock";
			outputPaths = (
			);
			runOnlyForDeploymentPostprocessing = 0;
			shellPath = /bin/sh;
			shellScript = "diff \"${PODS_ROOT}/../Podfile.lock\" \"${PODS_ROOT}/Manifest.lock\" > /dev/null\nif [ $? != 0 ] ; then\n    # print error to STDERR\n    echo \"error: The sandbox is not in sync with the Podfile.lock. Run 'pod install' or update your CocoaPods installation.\" >&2\n    exit 1\nfi\n";
			showEnvVarsInLog = 0;
		};
		BF1F1F3E8F38F8D7A620709C /* [CP] Copy Pods Resources */ = {
			isa = PBXShellScriptBuildPhase;
			buildActionMask = 2147483647;
			files = (
			);
			inputPaths = (
			);
			name = "[CP] Copy Pods Resources";
			outputPaths = (
			);
			runOnlyForDeploymentPostprocessing = 0;
			shellPath = /bin/sh;
			shellScript = "\"${SRCROOT}/Pods/Target Support Files/Pods-PolitikappUITests/Pods-PolitikappUITests-resources.sh\"\n";
			showEnvVarsInLog = 0;
		};
		C4C6F7C4CBAE9842624D7BC0 /* [CP] Copy Pods Resources */ = {
			isa = PBXShellScriptBuildPhase;
			buildActionMask = 2147483647;
			files = (
			);
			inputPaths = (
			);
			name = "[CP] Copy Pods Resources";
			outputPaths = (
			);
			runOnlyForDeploymentPostprocessing = 0;
			shellPath = /bin/sh;
			shellScript = "\"${SRCROOT}/Pods/Target Support Files/Pods-PolitikappTests/Pods-PolitikappTests-resources.sh\"\n";
			showEnvVarsInLog = 0;
		};
		CA4EA536375797E672BE68F5 /* [CP] Copy Pods Resources */ = {
			isa = PBXShellScriptBuildPhase;
			buildActionMask = 2147483647;
			files = (
			);
			inputPaths = (
			);
			name = "[CP] Copy Pods Resources";
			outputPaths = (
			);
			runOnlyForDeploymentPostprocessing = 0;
			shellPath = /bin/sh;
			shellScript = "\"${SRCROOT}/Pods/Target Support Files/Pods-Politikapp/Pods-Politikapp-resources.sh\"\n";
			showEnvVarsInLog = 0;
		};
		CE586D23C8633AE188124EC1 /* [CP] Embed Pods Frameworks */ = {
			isa = PBXShellScriptBuildPhase;
			buildActionMask = 2147483647;
			files = (
			);
			inputPaths = (
			);
			name = "[CP] Embed Pods Frameworks";
			outputPaths = (
			);
			runOnlyForDeploymentPostprocessing = 0;
			shellPath = /bin/sh;
			shellScript = "\"${SRCROOT}/Pods/Target Support Files/Pods-PolitikappUITests/Pods-PolitikappUITests-frameworks.sh\"\n";
			showEnvVarsInLog = 0;
		};
/* End PBXShellScriptBuildPhase section */

/* Begin PBXSourcesBuildPhase section */
		83CDE5AE1E7FECE0008F3EED /* Sources */ = {
			isa = PBXSourcesBuildPhase;
			buildActionMask = 2147483647;
			files = (
				83CDE5BE1E7FECE0008F3EED /* Politikapp.xcdatamodeld in Sources */,
				8320ED5E1E82C52F00B4702E /* FrontTVC.swift in Sources */,
				8320ED601E82CC4200B4702E /* StatisticsTVC.swift in Sources */,
				83CDE5B81E7FECE0008F3EED /* LoginVC.swift in Sources */,
				83005D1D1E800630008BF4C4 /* PasswortVC.swift in Sources */,
				83CDE5B61E7FECE0008F3EED /* AppDelegate.swift in Sources */,
				83005D271E802FF7008BF4C4 /* HomeVC.swift in Sources */,
				83005D1B1E8005C8008BF4C4 /* RegistrierungVC.swift in Sources */,
				83BF9EAD1E81480700346D5A /* BackTableVC.swift in Sources */,
				83BF9EB21E81588A00346D5A /* NewQuestionVC.swift in Sources */,
				83005D231E802DB7008BF4C4 /* SWRevealViewController.m in Sources */,
				83BF9EAF1E81528800346D5A /* ProfilVC.swift in Sources */,
			);
			runOnlyForDeploymentPostprocessing = 0;
		};
		83CDE5C51E7FECE0008F3EED /* Sources */ = {
			isa = PBXSourcesBuildPhase;
			buildActionMask = 2147483647;
			files = (
				83CDE5CE1E7FECE0008F3EED /* PolitikappTests.swift in Sources */,
			);
			runOnlyForDeploymentPostprocessing = 0;
		};
		83CDE5D01E7FECE0008F3EED /* Sources */ = {
			isa = PBXSourcesBuildPhase;
			buildActionMask = 2147483647;
			files = (
				83CDE5D91E7FECE0008F3EED /* PolitikappUITests.swift in Sources */,
			);
			runOnlyForDeploymentPostprocessing = 0;
		};
/* End PBXSourcesBuildPhase section */

/* Begin PBXTargetDependency section */
		83CDE5CB1E7FECE0008F3EED /* PBXTargetDependency */ = {
			isa = PBXTargetDependency;
			target = 83CDE5B11E7FECE0008F3EED /* Politikapp */;
			targetProxy = 83CDE5CA1E7FECE0008F3EED /* PBXContainerItemProxy */;
		};
		83CDE5D61E7FECE0008F3EED /* PBXTargetDependency */ = {
			isa = PBXTargetDependency;
			target = 83CDE5B11E7FECE0008F3EED /* Politikapp */;
			targetProxy = 83CDE5D51E7FECE0008F3EED /* PBXContainerItemProxy */;
		};
/* End PBXTargetDependency section */

/* Begin PBXVariantGroup section */
		83CDE5B91E7FECE0008F3EED /* Main.storyboard */ = {
			isa = PBXVariantGroup;
			children = (
				83CDE5BA1E7FECE0008F3EED /* Base */,
			);
			name = Main.storyboard;
			sourceTree = "<group>";
		};
		83CDE5C11E7FECE0008F3EED /* LaunchScreen.storyboard */ = {
			isa = PBXVariantGroup;
			children = (
				83CDE5C21E7FECE0008F3EED /* Base */,
			);
			name = LaunchScreen.storyboard;
			sourceTree = "<group>";
		};
/* End PBXVariantGroup section */

/* Begin XCBuildConfiguration section */
		83CDE5DB1E7FECE0008F3EED /* Debug */ = {
			isa = XCBuildConfiguration;
			buildSettings = {
				ALWAYS_SEARCH_USER_PATHS = NO;
				CLANG_ANALYZER_NONNULL = YES;
				CLANG_CXX_LANGUAGE_STANDARD = "gnu++0x";
				CLANG_CXX_LIBRARY = "libc++";
				CLANG_ENABLE_MODULES = YES;
				CLANG_ENABLE_OBJC_ARC = YES;
				CLANG_WARN_BOOL_CONVERSION = YES;
				CLANG_WARN_CONSTANT_CONVERSION = YES;
				CLANG_WARN_DIRECT_OBJC_ISA_USAGE = YES_ERROR;
				CLANG_WARN_DOCUMENTATION_COMMENTS = YES;
				CLANG_WARN_EMPTY_BODY = YES;
				CLANG_WARN_ENUM_CONVERSION = YES;
				CLANG_WARN_INFINITE_RECURSION = YES;
				CLANG_WARN_INT_CONVERSION = YES;
				CLANG_WARN_OBJC_ROOT_CLASS = YES_ERROR;
				CLANG_WARN_SUSPICIOUS_MOVE = YES;
				CLANG_WARN_UNREACHABLE_CODE = YES;
				CLANG_WARN__DUPLICATE_METHOD_MATCH = YES;
				"CODE_SIGN_IDENTITY[sdk=iphoneos*]" = "iPhone Developer";
				COPY_PHASE_STRIP = NO;
				DEBUG_INFORMATION_FORMAT = dwarf;
				ENABLE_STRICT_OBJC_MSGSEND = YES;
				ENABLE_TESTABILITY = YES;
				GCC_C_LANGUAGE_STANDARD = gnu99;
				GCC_DYNAMIC_NO_PIC = NO;
				GCC_NO_COMMON_BLOCKS = YES;
				GCC_OPTIMIZATION_LEVEL = 0;
				GCC_PREPROCESSOR_DEFINITIONS = (
					"DEBUG=1",
					"$(inherited)",
				);
				GCC_WARN_64_TO_32_BIT_CONVERSION = YES;
				GCC_WARN_ABOUT_RETURN_TYPE = YES_ERROR;
				GCC_WARN_UNDECLARED_SELECTOR = YES;
				GCC_WARN_UNINITIALIZED_AUTOS = YES_AGGRESSIVE;
				GCC_WARN_UNUSED_FUNCTION = YES;
				GCC_WARN_UNUSED_VARIABLE = YES;
				IPHONEOS_DEPLOYMENT_TARGET = 10.2;
				MTL_ENABLE_DEBUG_INFO = YES;
				ONLY_ACTIVE_ARCH = YES;
				SDKROOT = iphoneos;
				SWIFT_ACTIVE_COMPILATION_CONDITIONS = DEBUG;
				SWIFT_OPTIMIZATION_LEVEL = "-Onone";
				TARGETED_DEVICE_FAMILY = "1,2";
			};
			name = Debug;
		};
		83CDE5DC1E7FECE0008F3EED /* Release */ = {
			isa = XCBuildConfiguration;
			buildSettings = {
				ALWAYS_SEARCH_USER_PATHS = NO;
				CLANG_ANALYZER_NONNULL = YES;
				CLANG_CXX_LANGUAGE_STANDARD = "gnu++0x";
				CLANG_CXX_LIBRARY = "libc++";
				CLANG_ENABLE_MODULES = YES;
				CLANG_ENABLE_OBJC_ARC = YES;
				CLANG_WARN_BOOL_CONVERSION = YES;
				CLANG_WARN_CONSTANT_CONVERSION = YES;
				CLANG_WARN_DIRECT_OBJC_ISA_USAGE = YES_ERROR;
				CLANG_WARN_DOCUMENTATION_COMMENTS = YES;
				CLANG_WARN_EMPTY_BODY = YES;
				CLANG_WARN_ENUM_CONVERSION = YES;
				CLANG_WARN_INFINITE_RECURSION = YES;
				CLANG_WARN_INT_CONVERSION = YES;
				CLANG_WARN_OBJC_ROOT_CLASS = YES_ERROR;
				CLANG_WARN_SUSPICIOUS_MOVE = YES;
				CLANG_WARN_UNREACHABLE_CODE = YES;
				CLANG_WARN__DUPLICATE_METHOD_MATCH = YES;
				"CODE_SIGN_IDENTITY[sdk=iphoneos*]" = "iPhone Developer";
				COPY_PHASE_STRIP = NO;
				DEBUG_INFORMATION_FORMAT = "dwarf-with-dsym";
				ENABLE_NS_ASSERTIONS = NO;
				ENABLE_STRICT_OBJC_MSGSEND = YES;
				GCC_C_LANGUAGE_STANDARD = gnu99;
				GCC_NO_COMMON_BLOCKS = YES;
				GCC_WARN_64_TO_32_BIT_CONVERSION = YES;
				GCC_WARN_ABOUT_RETURN_TYPE = YES_ERROR;
				GCC_WARN_UNDECLARED_SELECTOR = YES;
				GCC_WARN_UNINITIALIZED_AUTOS = YES_AGGRESSIVE;
				GCC_WARN_UNUSED_FUNCTION = YES;
				GCC_WARN_UNUSED_VARIABLE = YES;
				IPHONEOS_DEPLOYMENT_TARGET = 10.2;
				MTL_ENABLE_DEBUG_INFO = NO;
				SDKROOT = iphoneos;
				SWIFT_OPTIMIZATION_LEVEL = "-Owholemodule";
				TARGETED_DEVICE_FAMILY = "1,2";
				VALIDATE_PRODUCT = YES;
			};
			name = Release;
		};
		83CDE5DE1E7FECE0008F3EED /* Debug */ = {
			isa = XCBuildConfiguration;
			baseConfigurationReference = FCDDF25FBAF069F80B06C693 /* Pods-Politikapp.debug.xcconfig */;
			buildSettings = {
				ASSETCATALOG_COMPILER_APPICON_NAME = AppIcon;
				CLANG_ENABLE_MODULES = YES;
				INFOPLIST_FILE = Politikapp/Info.plist;
				LD_RUNPATH_SEARCH_PATHS = "$(inherited) @executable_path/Frameworks";
				PRODUCT_BUNDLE_IDENTIFIER = Politikapp.Politikapp;
				PRODUCT_NAME = "$(TARGET_NAME)";
				SWIFT_OBJC_BRIDGING_HEADER = "Politikapp/Politikapp-Bridging-Header.h";
				SWIFT_OPTIMIZATION_LEVEL = "-Onone";
				SWIFT_VERSION = 3.0;
			};
			name = Debug;
		};
		83CDE5DF1E7FECE0008F3EED /* Release */ = {
			isa = XCBuildConfiguration;
			baseConfigurationReference = 77529FB5CB6994E6851D7277 /* Pods-Politikapp.release.xcconfig */;
			buildSettings = {
				ASSETCATALOG_COMPILER_APPICON_NAME = AppIcon;
				CLANG_ENABLE_MODULES = YES;
				INFOPLIST_FILE = Politikapp/Info.plist;
				LD_RUNPATH_SEARCH_PATHS = "$(inherited) @executable_path/Frameworks";
				PRODUCT_BUNDLE_IDENTIFIER = Politikapp.Politikapp;
				PRODUCT_NAME = "$(TARGET_NAME)";
				SWIFT_OBJC_BRIDGING_HEADER = "Politikapp/Politikapp-Bridging-Header.h";
				SWIFT_VERSION = 3.0;
			};
			name = Release;
		};
		83CDE5E11E7FECE0008F3EED /* Debug */ = {
			isa = XCBuildConfiguration;
			baseConfigurationReference = 35C3ABF81CEF59CAC31FC40C /* Pods-PolitikappTests.debug.xcconfig */;
			buildSettings = {
				ALWAYS_EMBED_SWIFT_STANDARD_LIBRARIES = YES;
				BUNDLE_LOADER = "$(TEST_HOST)";
				INFOPLIST_FILE = PolitikappTests/Info.plist;
				LD_RUNPATH_SEARCH_PATHS = "$(inherited) @executable_path/Frameworks @loader_path/Frameworks";
				PRODUCT_BUNDLE_IDENTIFIER = Politikapp.PolitikappTests;
				PRODUCT_NAME = "$(TARGET_NAME)";
				SWIFT_VERSION = 3.0;
				TEST_HOST = "$(BUILT_PRODUCTS_DIR)/Politikapp.app/Politikapp";
			};
			name = Debug;
		};
		83CDE5E21E7FECE0008F3EED /* Release */ = {
			isa = XCBuildConfiguration;
			baseConfigurationReference = 2CDFDB1508620C78947DCD28 /* Pods-PolitikappTests.release.xcconfig */;
			buildSettings = {
				ALWAYS_EMBED_SWIFT_STANDARD_LIBRARIES = YES;
				BUNDLE_LOADER = "$(TEST_HOST)";
				INFOPLIST_FILE = PolitikappTests/Info.plist;
				LD_RUNPATH_SEARCH_PATHS = "$(inherited) @executable_path/Frameworks @loader_path/Frameworks";
				PRODUCT_BUNDLE_IDENTIFIER = Politikapp.PolitikappTests;
				PRODUCT_NAME = "$(TARGET_NAME)";
				SWIFT_VERSION = 3.0;
				TEST_HOST = "$(BUILT_PRODUCTS_DIR)/Politikapp.app/Politikapp";
			};
			name = Release;
		};
		83CDE5E41E7FECE0008F3EED /* Debug */ = {
			isa = XCBuildConfiguration;
			baseConfigurationReference = C96D00F421418CC559E0DBDB /* Pods-PolitikappUITests.debug.xcconfig */;
			buildSettings = {
				ALWAYS_EMBED_SWIFT_STANDARD_LIBRARIES = YES;
				INFOPLIST_FILE = PolitikappUITests/Info.plist;
				LD_RUNPATH_SEARCH_PATHS = "$(inherited) @executable_path/Frameworks @loader_path/Frameworks";
				PRODUCT_BUNDLE_IDENTIFIER = Politikapp.PolitikappUITests;
				PRODUCT_NAME = "$(TARGET_NAME)";
				SWIFT_VERSION = 3.0;
				TEST_TARGET_NAME = Politikapp;
			};
			name = Debug;
		};
		83CDE5E51E7FECE0008F3EED /* Release */ = {
			isa = XCBuildConfiguration;
			baseConfigurationReference = F5FFE38C2E147563A78F602A /* Pods-PolitikappUITests.release.xcconfig */;
			buildSettings = {
				ALWAYS_EMBED_SWIFT_STANDARD_LIBRARIES = YES;
				INFOPLIST_FILE = PolitikappUITests/Info.plist;
				LD_RUNPATH_SEARCH_PATHS = "$(inherited) @executable_path/Frameworks @loader_path/Frameworks";
				PRODUCT_BUNDLE_IDENTIFIER = Politikapp.PolitikappUITests;
				PRODUCT_NAME = "$(TARGET_NAME)";
				SWIFT_VERSION = 3.0;
				TEST_TARGET_NAME = Politikapp;
			};
			name = Release;
		};
/* End XCBuildConfiguration section */

/* Begin XCConfigurationList section */
		83CDE5AD1E7FECE0008F3EED /* Build configuration list for PBXProject "Politikapp" */ = {
			isa = XCConfigurationList;
			buildConfigurations = (
				83CDE5DB1E7FECE0008F3EED /* Debug */,
				83CDE5DC1E7FECE0008F3EED /* Release */,
			);
			defaultConfigurationIsVisible = 0;
			defaultConfigurationName = Release;
		};
		83CDE5DD1E7FECE0008F3EED /* Build configuration list for PBXNativeTarget "Politikapp" */ = {
			isa = XCConfigurationList;
			buildConfigurations = (
				83CDE5DE1E7FECE0008F3EED /* Debug */,
				83CDE5DF1E7FECE0008F3EED /* Release */,
			);
			defaultConfigurationIsVisible = 0;
			defaultConfigurationName = Release;
		};
		83CDE5E01E7FECE0008F3EED /* Build configuration list for PBXNativeTarget "PolitikappTests" */ = {
			isa = XCConfigurationList;
			buildConfigurations = (
				83CDE5E11E7FECE0008F3EED /* Debug */,
				83CDE5E21E7FECE0008F3EED /* Release */,
			);
			defaultConfigurationIsVisible = 0;
			defaultConfigurationName = Release;
		};
		83CDE5E31E7FECE0008F3EED /* Build configuration list for PBXNativeTarget "PolitikappUITests" */ = {
			isa = XCConfigurationList;
			buildConfigurations = (
				83CDE5E41E7FECE0008F3EED /* Debug */,
				83CDE5E51E7FECE0008F3EED /* Release */,
			);
			defaultConfigurationIsVisible = 0;
			defaultConfigurationName = Release;
		};
/* End XCConfigurationList section */

/* Begin XCVersionGroup section */
		83CDE5BC1E7FECE0008F3EED /* Politikapp.xcdatamodeld */ = {
			isa = XCVersionGroup;
			children = (
				83CDE5BD1E7FECE0008F3EED /* Politikapp.xcdatamodel */,
			);
			currentVersion = 83CDE5BD1E7FECE0008F3EED /* Politikapp.xcdatamodel */;
			path = Politikapp.xcdatamodeld;
			sourceTree = "<group>";
			versionGroupType = wrapper.xcdatamodel;
		};
/* End XCVersionGroup section */
	};
	rootObject = 83CDE5AA1E7FECE0008F3EED /* Project object */;
}
